// !$*UTF8*$!
{
	archiveVersion = 1;
	classes = {
	};
	objectVersion = 50;
	objects = {

/* Begin PBXBuildFile section */
		4A37D69C24DBD25100ED4106 /* AppDelegate.swift in Sources */ = {isa = PBXBuildFile; fileRef = 4A37D69B24DBD25100ED4106 /* AppDelegate.swift */; };
		4A37D69E24DBD25100ED4106 /* ViewController.swift in Sources */ = {isa = PBXBuildFile; fileRef = 4A37D69D24DBD25100ED4106 /* ViewController.swift */; };
		4A37D6A024DBD25300ED4106 /* Assets.xcassets in Resources */ = {isa = PBXBuildFile; fileRef = 4A37D69F24DBD25300ED4106 /* Assets.xcassets */; };
		4A37D6A324DBD25300ED4106 /* Main.storyboard in Resources */ = {isa = PBXBuildFile; fileRef = 4A37D6A124DBD25300ED4106 /* Main.storyboard */; };
		4A37D6AD24DBD28800ED4106 /* MacHandyFrame.swift in Sources */ = {isa = PBXBuildFile; fileRef = 4A37D6AC24DBD28800ED4106 /* MacHandyFrame.swift */; };
/* End PBXBuildFile section */

/* Begin PBXFileReference section */
		4A37D69824DBD25100ED4106 /* MacHandyFrame.app */ = {isa = PBXFileReference; explicitFileType = wrapper.application; includeInIndex = 0; path = MacHandyFrame.app; sourceTree = BUILT_PRODUCTS_DIR; };
		4A37D69B24DBD25100ED4106 /* AppDelegate.swift */ = {isa = PBXFileReference; lastKnownFileType = sourcecode.swift; path = AppDelegate.swift; sourceTree = "<group>"; };
		4A37D69D24DBD25100ED4106 /* ViewController.swift */ = {isa = PBXFileReference; lastKnownFileType = sourcecode.swift; path = ViewController.swift; sourceTree = "<group>"; };
		4A37D69F24DBD25300ED4106 /* Assets.xcassets */ = {isa = PBXFileReference; lastKnownFileType = folder.assetcatalog; path = Assets.xcassets; sourceTree = "<group>"; };
		4A37D6A224DBD25300ED4106 /* Base */ = {isa = PBXFileReference; lastKnownFileType = file.storyboard; name = Base; path = Base.lproj/Main.storyboard; sourceTree = "<group>"; };
		4A37D6A424DBD25300ED4106 /* Info.plist */ = {isa = PBXFileReference; lastKnownFileType = text.plist.xml; path = Info.plist; sourceTree = "<group>"; };
		4A37D6A524DBD25300ED4106 /* MacHandyFrame.entitlements */ = {isa = PBXFileReference; lastKnownFileType = text.plist.entitlements; path = MacHandyFrame.entitlements; sourceTree = "<group>"; };
		4A37D6AC24DBD28800ED4106 /* MacHandyFrame.swift */ = {isa = PBXFileReference; lastKnownFileType = sourcecode.swift; path = MacHandyFrame.swift; sourceTree = "<group>"; };
/* End PBXFileReference section */

/* Begin PBXFrameworksBuildPhase section */
		4A37D69524DBD25100ED4106 /* Frameworks */ = {
			isa = PBXFrameworksBuildPhase;
			buildActionMask = 2147483647;
			files = (
			);
			runOnlyForDeploymentPostprocessing = 0;
		};
/* End PBXFrameworksBuildPhase section */

/* Begin PBXGroup section */
		4A37D68F24DBD25100ED4106 = {
			isa = PBXGroup;
			children = (
				4A37D69A24DBD25100ED4106 /* MacHandyFrame */,
				4A37D69924DBD25100ED4106 /* Products */,
			);
			sourceTree = "<group>";
		};
		4A37D69924DBD25100ED4106 /* Products */ = {
			isa = PBXGroup;
			children = (
				4A37D69824DBD25100ED4106 /* MacHandyFrame.app */,
			);
			name = Products;
			sourceTree = "<group>";
		};
		4A37D69A24DBD25100ED4106 /* MacHandyFrame */ = {
			isa = PBXGroup;
			children = (
				4A37D6AB24DBD27700ED4106 /* MacHandyFrame */,
				4A37D69B24DBD25100ED4106 /* AppDelegate.swift */,
				4A37D69D24DBD25100ED4106 /* ViewController.swift */,
				4A37D69F24DBD25300ED4106 /* Assets.xcassets */,
				4A37D6A124DBD25300ED4106 /* Main.storyboard */,
				4A37D6A424DBD25300ED4106 /* Info.plist */,
				4A37D6A524DBD25300ED4106 /* MacHandyFrame.entitlements */,
			);
			path = MacHandyFrame;
			sourceTree = "<group>";
		};
		4A37D6AB24DBD27700ED4106 /* MacHandyFrame */ = {
			isa = PBXGroup;
			children = (
				4A37D6AC24DBD28800ED4106 /* MacHandyFrame.swift */,
			);
			path = MacHandyFrame;
			sourceTree = "<group>";
		};
/* End PBXGroup section */

/* Begin PBXNativeTarget section */
		4A37D69724DBD25100ED4106 /* MacHandyFrame */ = {
			isa = PBXNativeTarget;
			buildConfigurationList = 4A37D6A824DBD25300ED4106 /* Build configuration list for PBXNativeTarget "MacHandyFrame" */;
			buildPhases = (
				4A37D69424DBD25100ED4106 /* Sources */,
				4A37D69524DBD25100ED4106 /* Frameworks */,
				4A37D69624DBD25100ED4106 /* Resources */,
			);
			buildRules = (
			);
			dependencies = (
			);
			name = MacHandyFrame;
			productName = MacHandyFrame;
			productReference = 4A37D69824DBD25100ED4106 /* MacHandyFrame.app */;
			productType = "com.apple.product-type.application";
		};
/* End PBXNativeTarget section */

/* Begin PBXProject section */
		4A37D69024DBD25100ED4106 /* Project object */ = {
			isa = PBXProject;
			attributes = {
				LastSwiftUpdateCheck = 1160;
				LastUpgradeCheck = 1160;
				ORGANIZATIONNAME = casa;
				TargetAttributes = {
					4A37D69724DBD25100ED4106 = {
						CreatedOnToolsVersion = 11.6;
					};
				};
			};
			buildConfigurationList = 4A37D69324DBD25100ED4106 /* Build configuration list for PBXProject "MacHandyFrame" */;
			compatibilityVersion = "Xcode 9.3";
			developmentRegion = en;
			hasScannedForEncodings = 0;
			knownRegions = (
				en,
				Base,
			);
			mainGroup = 4A37D68F24DBD25100ED4106;
			productRefGroup = 4A37D69924DBD25100ED4106 /* Products */;
			projectDirPath = "";
			projectRoot = "";
			targets = (
				4A37D69724DBD25100ED4106 /* MacHandyFrame */,
			);
		};
/* End PBXProject section */

/* Begin PBXResourcesBuildPhase section */
		4A37D69624DBD25100ED4106 /* Resources */ = {
			isa = PBXResourcesBuildPhase;
			buildActionMask = 2147483647;
			files = (
				4A37D6A024DBD25300ED4106 /* Assets.xcassets in Resources */,
				4A37D6A324DBD25300ED4106 /* Main.storyboard in Resources */,
			);
			runOnlyForDeploymentPostprocessing = 0;
		};
/* End PBXResourcesBuildPhase section */

/* Begin PBXSourcesBuildPhase section */
		4A37D69424DBD25100ED4106 /* Sources */ = {
			isa = PBXSourcesBuildPhase;
			buildActionMask = 2147483647;
			files = (
				4A37D6AD24DBD28800ED4106 /* MacHandyFrame.swift in Sources */,
				4A37D69E24DBD25100ED4106 /* ViewController.swift in Sources */,
				4A37D69C24DBD25100ED4106 /* AppDelegate.swift in Sources */,
			);
			runOnlyForDeploymentPostprocessing = 0;
		};
/* End PBXSourcesBuildPhase section */

/* Begin PBXVariantGroup section */
		4A37D6A124DBD25300ED4106 /* Main.storyboard */ = {
			isa = PBXVariantGroup;
			children = (
				4A37D6A224DBD25300ED4106 /* Base */,
			);
			name = Main.storyboard;
			sourceTree = "<group>";
		};
/* End PBXVariantGroup section */

/* Begin XCBuildConfiguration section */
		4A37D6A624DBD25300ED4106 /* Debug */ = {
			isa = XCBuildConfiguration;
			buildSettings = {
				ALWAYS_SEARCH_USER_PATHS = NO;
				CLANG_ANALYZER_NONNULL = YES;
				CLANG_ANALYZER_NUMBER_OBJECT_CONVERSION = YES_AGGRESSIVE;
				CLANG_CXX_LANGUAGE_STANDARD = "gnu++14";
				CLANG_CXX_LIBRARY = "libc++";
				CLANG_ENABLE_MODULES = YES;
				CLANG_ENABLE_OBJC_ARC = YES;
				CLANG_ENABLE_OBJC_WEAK = YES;
				CLANG_WARN_BLOCK_CAPTURE_AUTORELEASING = YES;
				CLANG_WARN_BOOL_CONVERSION = YES;
				CLANG_WARN_COMMA = YES;
				CLANG_WARN_CONSTANT_CONVERSION = YES;
				CLANG_WARN_DEPRECATED_OBJC_IMPLEMENTATIONS = YES;
				CLANG_WARN_DIRECT_OBJC_ISA_USAGE = YES_ERROR;
				CLANG_WARN_DOCUMENTATION_COMMENTS = YES;
				CLANG_WARN_EMPTY_BODY = YES;
				CLANG_WARN_ENUM_CONVERSION = YES;
				CLANG_WARN_INFINITE_RECURSION = YES;
				CLANG_WARN_INT_CONVERSION = YES;
				CLANG_WARN_NON_LITERAL_NULL_CONVERSION = YES;
				CLANG_WARN_OBJC_IMPLICIT_RETAIN_SELF = YES;
				CLANG_WARN_OBJC_LITERAL_CONVERSION = YES;
				CLANG_WARN_OBJC_ROOT_CLASS = YES_ERROR;
				CLANG_WARN_RANGE_LOOP_ANALYSIS = YES;
				CLANG_WARN_STRICT_PROTOTYPES = YES;
				CLANG_WARN_SUSPICIOUS_MOVE = YES;
				CLANG_WARN_UNGUARDED_AVAILABILITY = YES_AGGRESSIVE;
				CLANG_WARN_UNREACHABLE_CODE = YES;
				CLANG_WARN__DUPLICATE_METHOD_MATCH = YES;
				COPY_PHASE_STRIP = NO;
				DEBUG_INFORMATION_FORMAT = dwarf;
				ENABLE_STRICT_OBJC_MSGSEND = YES;
				ENABLE_TESTABILITY = YES;
				GCC_C_LANGUAGE_STANDARD = gnu11;
				GCC_DYNAMIC_NO_PIC = NO;
				GCC_NO_COMMON_BLOCKS = YES;
				GCC_OPTIMIZATION_LEVEL = 0;
				GCC_PREPROCESSOR_DEFINITIONS = (
					"DEBUG=1",
					"$(inherited)",
				);
				GCC_WARN_64_TO_32_BIT_CONVERSION = YES;
				GCC_WARN_ABOUT_RETURN_TYPE = YES_ERROR;
				GCC_WARN_UNDECLARED_SELECTOR = YES;
				GCC_WARN_UNINITIALIZED_AUTOS = YES_AGGRESSIVE;
				GCC_WARN_UNUSED_FUNCTION = YES;
				GCC_WARN_UNUSED_VARIABLE = YES;
				MACOSX_DEPLOYMENT_TARGET = 10.15;
				MTL_ENABLE_DEBUG_INFO = INCLUDE_SOURCE;
				MTL_FAST_MATH = YES;
				ONLY_ACTIVE_ARCH = YES;
				SDKROOT = macosx;
				SWIFT_ACTIVE_COMPILATION_CONDITIONS = DEBUG;
				SWIFT_OPTIMIZATION_LEVEL = "-Onone";
			};
			name = Debug;
		};
		4A37D6A724DBD25300ED4106 /* Release */ = {
			isa = XCBuildConfiguration;
			buildSettings = {
				ALWAYS_SEARCH_USER_PATHS = NO;
				CLANG_ANALYZER_NONNULL = YES;
				CLANG_ANALYZER_NUMBER_OBJECT_CONVERSION = YES_AGGRESSIVE;
				CLANG_CXX_LANGUAGE_STANDARD = "gnu++14";
				CLANG_CXX_LIBRARY = "libc++";
				CLANG_ENABLE_MODULES = YES;
				CLANG_ENABLE_OBJC_ARC = YES;
				CLANG_ENABLE_OBJC_WEAK = YES;
				CLANG_WARN_BLOCK_CAPTURE_AUTORELEASING = YES;
				CLANG_WARN_BOOL_CONVERSION = YES;
				CLANG_WARN_COMMA = YES;
				CLANG_WARN_CONSTANT_CONVERSION = YES;
				CLANG_WARN_DEPRECATED_OBJC_IMPLEMENTATIONS = YES;
				CLANG_WARN_DIRECT_OBJC_ISA_USAGE = YES_ERROR;
				CLANG_WARN_DOCUMENTATION_COMMENTS = YES;
				CLANG_WARN_EMPTY_BODY = YES;
				CLANG_WARN_ENUM_CONVERSION = YES;
				CLANG_WARN_INFINITE_RECURSION = YES;
				CLANG_WARN_INT_CONVERSION = YES;
				CLANG_WARN_NON_LITERAL_NULL_CONVERSION = YES;
				CLANG_WARN_OBJC_IMPLICIT_RETAIN_SELF = YES;
				CLANG_WARN_OBJC_LITERAL_CONVERSION = YES;
				CLANG_WARN_OBJC_ROOT_CLASS = YES_ERROR;
				CLANG_WARN_RANGE_LOOP_ANALYSIS = YES;
				CLANG_WARN_STRICT_PROTOTYPES = YES;
				CLANG_WARN_SUSPICIOUS_MOVE = YES;
				CLANG_WARN_UNGUARDED_AVAILABILITY = YES_AGGRESSIVE;
				CLANG_WARN_UNREACHABLE_CODE = YES;
				CLANG_WARN__DUPLICATE_METHOD_MATCH = YES;
				COPY_PHASE_STRIP = NO;
				DEBUG_INFORMATION_FORMAT = "dwarf-with-dsym";
				ENABLE_NS_ASSERTIONS = NO;
				ENABLE_STRICT_OBJC_MSGSEND = YES;
				GCC_C_LANGUAGE_STANDARD = gnu11;
				GCC_NO_COMMON_BLOCKS = YES;
				GCC_WARN_64_TO_32_BIT_CONVERSION = YES;
				GCC_WARN_ABOUT_RETURN_TYPE = YES_ERROR;
				GCC_WARN_UNDECLARED_SELECTOR = YES;
				GCC_WARN_UNINITIALIZED_AUTOS = YES_AGGRESSIVE;
				GCC_WARN_UNUSED_FUNCTION = YES;
				GCC_WARN_UNUSED_VARIABLE = YES;
				MACOSX_DEPLOYMENT_TARGET = 10.15;
				MTL_ENABLE_DEBUG_INFO = NO;
				MTL_FAST_MATH = YES;
				SDKROOT = macosx;
				SWIFT_COMPILATION_MODE = wholemodule;
				SWIFT_OPTIMIZATION_LEVEL = "-O";
			};
			name = Release;
		};
		4A37D6A924DBD25300ED4106 /* Debug */ = {
			isa = XCBuildConfiguration;
			buildSettings = {
				ASSETCATALOG_COMPILER_APPICON_NAME = AppIcon;
				CODE_SIGN_ENTITLEMENTS = MacHandyFrame/MacHandyFrame.entitlements;
				CODE_SIGN_STYLE = Automatic;
				COMBINE_HIDPI_IMAGES = YES;
				DEVELOPMENT_TEAM = EJ552L8U27;
				ENABLE_HARDENED_RUNTIME = YES;
				INFOPLIST_FILE = MacHandyFrame/Info.plist;
				LD_RUNPATH_SEARCH_PATHS = (
					"$(inherited)",
					"@executable_path/../Frameworks",
				);
				PRODUCT_BUNDLE_IDENTIFIER = casa.MacHandyFrame;
				PRODUCT_NAME = "$(TARGET_NAME)";
				SWIFT_VERSION = 5.0;
			};
			name = Debug;
		};
		4A37D6AA24DBD25300ED4106 /* Release */ = {
			isa = XCBuildConfiguration;
			buildSettings = {
				ASSETCATALOG_COMPILER_APPICON_NAME = AppIcon;
				CODE_SIGN_ENTITLEMENTS = MacHandyFrame/MacHandyFrame.entitlements;
				CODE_SIGN_STYLE = Automatic;
				COMBINE_HIDPI_IMAGES = YES;
				DEVELOPMENT_TEAM = EJ552L8U27;
				ENABLE_HARDENED_RUNTIME = YES;
				INFOPLIST_FILE = MacHandyFrame/Info.plist;
				LD_RUNPATH_SEARCH_PATHS = (
					"$(inherited)",
					"@executable_path/../Frameworks",
				);
				PRODUCT_BUNDLE_IDENTIFIER = casa.MacHandyFrame;
				PRODUCT_NAME = "$(TARGET_NAME)";
				SWIFT_VERSION = 5.0;
			};
			name = Release;
		};
/* End XCBuildConfiguration section */

/* Begin XCConfigurationList section */
		4A37D69324DBD25100ED4106 /* Build configuration list for PBXProject "MacHandyFrame" */ = {
			isa = XCConfigurationList;
			buildConfigurations = (
				4A37D6A624DBD25300ED4106 /* Debug */,
				4A37D6A724DBD25300ED4106 /* Release */,
			);
			defaultConfigurationIsVisible = 0;
			defaultConfigurationName = Release;
		};
		4A37D6A824DBD25300ED4106 /* Build configuration list for PBXNativeTarget "MacHandyFrame" */ = {
			isa = XCConfigurationList;
			buildConfigurations = (
				4A37D6A924DBD25300ED4106 /* Debug */,
				4A37D6AA24DBD25300ED4106 /* Release */,
			);
			defaultConfigurationIsVisible = 0;
			defaultConfigurationName = Release;
		};
/* End XCConfigurationList section */
	};
	rootObject = 4A37D69024DBD25100ED4106 /* Project object */;
}
